
Microsoft Visual Studio Solution File, Format Version 12.00
# Visual Studio Version 17
VisualStudioVersion = 17.3.32819.101
MinimumVisualStudioVersion = 10.0.40219.1
Project("{FAE04EC0-301F-11D3-BF4B-00C04F79EFBC}") = "Earth Defense War", "Earth Defense War\Earth Defense War.csproj", "{B7A7B318-0A3D-42B7-8EA6-FB2F2534F5D6}"
EndProject
Global
	GlobalSection(SolutionConfigurationPlatforms) = preSolution
		Debug|Any CPU = Debug|Any CPU
		Release|Any CPU = Release|Any CPU
	EndGlobalSection
	GlobalSection(ProjectConfigurationPlatforms) = postSolution
		{B7A7B318-0A3D-42B7-8EA6-FB2F2534F5D6}.Debug|Any CPU.ActiveCfg = Debug|Any CPU
		{B7A7B318-0A3D-42B7-8EA6-FB2F2534F5D6}.Debug|Any CPU.Build.0 = Debug|Any CPU
		{B7A7B318-0A3D-42B7-8EA6-FB2F2534F5D6}.Release|Any CPU.ActiveCfg = Release|Any CPU
		{B7A7B318-0A3D-42B7-8EA6-FB2F2534F5D6}.Release|Any CPU.Build.0 = Release|Any CPU
	EndGlobalSection
	GlobalSection(SolutionProperties) = preSolution
		HideSolutionNode = FALSE
	EndGlobalSection
	GlobalSection(ExtensibilityGlobals) = postSolution
		SolutionGuid = {D0CB5928-635A-4C14-92ED-931E1D70B793}
	EndGlobalSection
EndGlobal
